// !$*UTF8*$!
{
	archiveVersion = 1;
	classes = {
	};
	objectVersion = 56;
	objects = {

/* Begin PBXBuildFile section */
		BE3772D72D21C0E9004ED2A2 /* KekSepetiApp.swift in Sources */ = {isa = PBXBuildFile; fileRef = BE3772D62D21C0E9004ED2A2 /* KekSepetiApp.swift */; };
		BE3772D92D21C0E9004ED2A2 /* ContentView.swift in Sources */ = {isa = PBXBuildFile; fileRef = BE3772D82D21C0E9004ED2A2 /* ContentView.swift */; };
		BE3772DB2D21C0EA004ED2A2 /* Assets.xcassets in Resources */ = {isa = PBXBuildFile; fileRef = BE3772DA2D21C0EA004ED2A2 /* Assets.xcassets */; };
		BE3772DE2D21C0EA004ED2A2 /* Preview Assets.xcassets in Resources */ = {isa = PBXBuildFile; fileRef = BE3772DD2D21C0EA004ED2A2 /* Preview Assets.xcassets */; };
		BE3772E62D21C112004ED2A2 /* AddressView.swift in Sources */ = {isa = PBXBuildFile; fileRef = BE3772E52D21C112004ED2A2 /* AddressView.swift */; };
		BE3772E82D21C147004ED2A2 /* CheckOutView.swift in Sources */ = {isa = PBXBuildFile; fileRef = BE3772E72D21C147004ED2A2 /* CheckOutView.swift */; };
		BE3772EA2D21C15C004ED2A2 /* Siparis.swift in Sources */ = {isa = PBXBuildFile; fileRef = BE3772E92D21C15C004ED2A2 /* Siparis.swift */; };
		BE3772EC2D21C219004ED2A2 /* .gitignore in Resources */ = {isa = PBXBuildFile; fileRef = BE3772EB2D21C219004ED2A2 /* .gitignore */; };
		BE3772EE2D21D0C8004ED2A2 /* ProductView.swift in Sources */ = {isa = PBXBuildFile; fileRef = BE3772ED2D21D0C8004ED2A2 /* ProductView.swift */; };
		BE3772F12D21E34F004ED2A2 /* CakeView.swift in Sources */ = {isa = PBXBuildFile; fileRef = BE3772F02D21E34F004ED2A2 /* CakeView.swift */; };
/* End PBXBuildFile section */

/* Begin PBXFileReference section */
		BE3772D32D21C0E9004ED2A2 /* KekSepeti.app */ = {isa = PBXFileReference; explicitFileType = wrapper.application; includeInIndex = 0; path = KekSepeti.app; sourceTree = BUILT_PRODUCTS_DIR; };
		BE3772D62D21C0E9004ED2A2 /* KekSepetiApp.swift */ = {isa = PBXFileReference; lastKnownFileType = sourcecode.swift; path = KekSepetiApp.swift; sourceTree = "<group>"; };
		BE3772D82D21C0E9004ED2A2 /* ContentView.swift */ = {isa = PBXFileReference; lastKnownFileType = sourcecode.swift; path = ContentView.swift; sourceTree = "<group>"; };
		BE3772DA2D21C0EA004ED2A2 /* Assets.xcassets */ = {isa = PBXFileReference; lastKnownFileType = folder.assetcatalog; path = Assets.xcassets; sourceTree = "<group>"; };
		BE3772DD2D21C0EA004ED2A2 /* Preview Assets.xcassets */ = {isa = PBXFileReference; lastKnownFileType = folder.assetcatalog; path = "Preview Assets.xcassets"; sourceTree = "<group>"; };
		BE3772E52D21C112004ED2A2 /* AddressView.swift */ = {isa = PBXFileReference; lastKnownFileType = sourcecode.swift; path = AddressView.swift; sourceTree = "<group>"; };
		BE3772E72D21C147004ED2A2 /* CheckOutView.swift */ = {isa = PBXFileReference; lastKnownFileType = sourcecode.swift; path = CheckOutView.swift; sourceTree = "<group>"; };
		BE3772E92D21C15C004ED2A2 /* Siparis.swift */ = {isa = PBXFileReference; lastKnownFileType = sourcecode.swift; path = Siparis.swift; sourceTree = "<group>"; };
		BE3772EB2D21C219004ED2A2 /* .gitignore */ = {isa = PBXFileReference; lastKnownFileType = text; path = .gitignore; sourceTree = "<group>"; };
		BE3772ED2D21D0C8004ED2A2 /* ProductView.swift */ = {isa = PBXFileReference; lastKnownFileType = sourcecode.swift; path = ProductView.swift; sourceTree = "<group>"; };
		BE3772F02D21E34F004ED2A2 /* CakeView.swift */ = {isa = PBXFileReference; lastKnownFileType = sourcecode.swift; path = CakeView.swift; sourceTree = "<group>"; };
		BE3772F42D21EEC6004ED2A2 /* README.md */ = {isa = PBXFileReference; lastKnownFileType = net.daringfireball.markdown; path = README.md; sourceTree = "<group>"; };
/* End PBXFileReference section */

/* Begin PBXFrameworksBuildPhase section */
		BE3772D02D21C0E9004ED2A2 /* Frameworks */ = {
			isa = PBXFrameworksBuildPhase;
			buildActionMask = 2147483647;
			files = (
			);
			runOnlyForDeploymentPostprocessing = 0;
		};
/* End PBXFrameworksBuildPhase section */

/* Begin PBXGroup section */
		BE3772CA2D21C0E9004ED2A2 = {
			isa = PBXGroup;
			children = (
				BE3772F42D21EEC6004ED2A2 /* README.md */,
				BE3772EB2D21C219004ED2A2 /* .gitignore */,
				BE3772D52D21C0E9004ED2A2 /* KekSepeti */,
				BE3772D42D21C0E9004ED2A2 /* Products */,
			);
			sourceTree = "<group>";
		};
		BE3772D42D21C0E9004ED2A2 /* Products */ = {
			isa = PBXGroup;
			children = (
				BE3772D32D21C0E9004ED2A2 /* KekSepeti.app */,
			);
			name = Products;
			sourceTree = "<group>";
		};
		BE3772D52D21C0E9004ED2A2 /* KekSepeti */ = {
			isa = PBXGroup;
			children = (
				BE3772D62D21C0E9004ED2A2 /* KekSepetiApp.swift */,
				BE3772D82D21C0E9004ED2A2 /* ContentView.swift */,
				BE3772E92D21C15C004ED2A2 /* Siparis.swift */,
				BE3772E42D21C102004ED2A2 /* Views */,
				BE3772DA2D21C0EA004ED2A2 /* Assets.xcassets */,
				BE3772DC2D21C0EA004ED2A2 /* Preview Content */,
			);
			path = KekSepeti;
			sourceTree = "<group>";
		};
		BE3772DC2D21C0EA004ED2A2 /* Preview Content */ = {
			isa = PBXGroup;
			children = (
				BE3772DD2D21C0EA004ED2A2 /* Preview Assets.xcassets */,
			);
			path = "Preview Content";
			sourceTree = "<group>";
		};
		BE3772E42D21C102004ED2A2 /* Views */ = {
			isa = PBXGroup;
			children = (
				BE3772EF2D21E330004ED2A2 /* CheckOutView */,
				BE3772E52D21C112004ED2A2 /* AddressView.swift */,
				BE3772F02D21E34F004ED2A2 /* CakeView.swift */,
			);
			path = Views;
			sourceTree = "<group>";
		};
		BE3772EF2D21E330004ED2A2 /* CheckOutView */ = {
			isa = PBXGroup;
			children = (
				BE3772E72D21C147004ED2A2 /* CheckOutView.swift */,
				BE3772ED2D21D0C8004ED2A2 /* ProductView.swift */,
			);
			path = CheckOutView;
			sourceTree = "<group>";
		};
/* End PBXGroup section */

/* Begin PBXNativeTarget section */
		BE3772D22D21C0E9004ED2A2 /* KekSepeti */ = {
			isa = PBXNativeTarget;
			buildConfigurationList = BE3772E12D21C0EA004ED2A2 /* Build configuration list for PBXNativeTarget "KekSepeti" */;
			buildPhases = (
				BE3772CF2D21C0E9004ED2A2 /* Sources */,
				BE3772D02D21C0E9004ED2A2 /* Frameworks */,
				BE3772D12D21C0E9004ED2A2 /* Resources */,
			);
			buildRules = (
			);
			dependencies = (
			);
			name = KekSepeti;
			productName = KekSepeti;
			productReference = BE3772D32D21C0E9004ED2A2 /* KekSepeti.app */;
			productType = "com.apple.product-type.application";
		};
/* End PBXNativeTarget section */

/* Begin PBXProject section */
		BE3772CB2D21C0E9004ED2A2 /* Project object */ = {
			isa = PBXProject;
			attributes = {
				BuildIndependentTargetsInParallel = 1;
				LastSwiftUpdateCheck = 1530;
				LastUpgradeCheck = 1530;
				TargetAttributes = {
					BE3772D22D21C0E9004ED2A2 = {
						CreatedOnToolsVersion = 15.3;
					};
				};
			};
			buildConfigurationList = BE3772CE2D21C0E9004ED2A2 /* Build configuration list for PBXProject "KekSepeti" */;
			compatibilityVersion = "Xcode 14.0";
			developmentRegion = en;
			hasScannedForEncodings = 0;
			knownRegions = (
				en,
				Base,
			);
			mainGroup = BE3772CA2D21C0E9004ED2A2;
			productRefGroup = BE3772D42D21C0E9004ED2A2 /* Products */;
			projectDirPath = "";
			projectRoot = "";
			targets = (
				BE3772D22D21C0E9004ED2A2 /* KekSepeti */,
			);
		};
/* End PBXProject section */

/* Begin PBXResourcesBuildPhase section */
		BE3772D12D21C0E9004ED2A2 /* Resources */ = {
			isa = PBXResourcesBuildPhase;
			buildActionMask = 2147483647;
			files = (
				BE3772DE2D21C0EA004ED2A2 /* Preview Assets.xcassets in Resources */,
				BE3772EC2D21C219004ED2A2 /* .gitignore in Resources */,
				BE3772DB2D21C0EA004ED2A2 /* Assets.xcassets in Resources */,
			);
			runOnlyForDeploymentPostprocessing = 0;
		};
/* End PBXResourcesBuildPhase section */

/* Begin PBXSourcesBuildPhase section */
		BE3772CF2D21C0E9004ED2A2 /* Sources */ = {
			isa = PBXSourcesBuildPhase;
			buildActionMask = 2147483647;
			files = (
				BE3772D92D21C0E9004ED2A2 /* ContentView.swift in Sources */,
				BE3772D72D21C0E9004ED2A2 /* KekSepetiApp.swift in Sources */,
				BE3772EA2D21C15C004ED2A2 /* Siparis.swift in Sources */,
				BE3772F12D21E34F004ED2A2 /* CakeView.swift in Sources */,
				BE3772E82D21C147004ED2A2 /* CheckOutView.swift in Sources */,
				BE3772EE2D21D0C8004ED2A2 /* ProductView.swift in Sources */,
				BE3772E62D21C112004ED2A2 /* AddressView.swift in Sources */,
			);
			runOnlyForDeploymentPostprocessing = 0;
		};
/* End PBXSourcesBuildPhase section */

/* Begin XCBuildConfiguration section */
		BE3772DF2D21C0EA004ED2A2 /* Debug */ = {
			isa = XCBuildConfiguration;
			buildSettings = {
				ALWAYS_SEARCH_USER_PATHS = NO;
				ASSETCATALOG_COMPILER_GENERATE_SWIFT_ASSET_SYMBOL_EXTENSIONS = YES;
				CLANG_ANALYZER_NONNULL = YES;
				CLANG_ANALYZER_NUMBER_OBJECT_CONVERSION = YES_AGGRESSIVE;
				CLANG_CXX_LANGUAGE_STANDARD = "gnu++20";
				CLANG_ENABLE_MODULES = YES;
				CLANG_ENABLE_OBJC_ARC = YES;
				CLANG_ENABLE_OBJC_WEAK = YES;
				CLANG_WARN_BLOCK_CAPTURE_AUTORELEASING = YES;
				CLANG_WARN_BOOL_CONVERSION = YES;
				CLANG_WARN_COMMA = YES;
				CLANG_WARN_CONSTANT_CONVERSION = YES;
				CLANG_WARN_DEPRECATED_OBJC_IMPLEMENTATIONS = YES;
				CLANG_WARN_DIRECT_OBJC_ISA_USAGE = YES_ERROR;
				CLANG_WARN_DOCUMENTATION_COMMENTS = YES;
				CLANG_WARN_EMPTY_BODY = YES;
				CLANG_WARN_ENUM_CONVERSION = YES;
				CLANG_WARN_INFINITE_RECURSION = YES;
				CLANG_WARN_INT_CONVERSION = YES;
				CLANG_WARN_NON_LITERAL_NULL_CONVERSION = YES;
				CLANG_WARN_OBJC_IMPLICIT_RETAIN_SELF = YES;
				CLANG_WARN_OBJC_LITERAL_CONVERSION = YES;
				CLANG_WARN_OBJC_ROOT_CLASS = YES_ERROR;
				CLANG_WARN_QUOTED_INCLUDE_IN_FRAMEWORK_HEADER = YES;
				CLANG_WARN_RANGE_LOOP_ANALYSIS = YES;
				CLANG_WARN_STRICT_PROTOTYPES = YES;
				CLANG_WARN_SUSPICIOUS_MOVE = YES;
				CLANG_WARN_UNGUARDED_AVAILABILITY = YES_AGGRESSIVE;
				CLANG_WARN_UNREACHABLE_CODE = YES;
				CLANG_WARN__DUPLICATE_METHOD_MATCH = YES;
				COPY_PHASE_STRIP = NO;
				DEBUG_INFORMATION_FORMAT = dwarf;
				ENABLE_STRICT_OBJC_MSGSEND = YES;
				ENABLE_TESTABILITY = YES;
				ENABLE_USER_SCRIPT_SANDBOXING = YES;
				GCC_C_LANGUAGE_STANDARD = gnu17;
				GCC_DYNAMIC_NO_PIC = NO;
				GCC_NO_COMMON_BLOCKS = YES;
				GCC_OPTIMIZATION_LEVEL = 0;
				GCC_PREPROCESSOR_DEFINITIONS = (
					"DEBUG=1",
					"$(inherited)",
				);
				GCC_WARN_64_TO_32_BIT_CONVERSION = YES;
				GCC_WARN_ABOUT_RETURN_TYPE = YES_ERROR;
				GCC_WARN_UNDECLARED_SELECTOR = YES;
				GCC_WARN_UNINITIALIZED_AUTOS = YES_AGGRESSIVE;
				GCC_WARN_UNUSED_FUNCTION = YES;
				GCC_WARN_UNUSED_VARIABLE = YES;
				IPHONEOS_DEPLOYMENT_TARGET = 17.4;
				LOCALIZATION_PREFERS_STRING_CATALOGS = YES;
				MTL_ENABLE_DEBUG_INFO = INCLUDE_SOURCE;
				MTL_FAST_MATH = YES;
				ONLY_ACTIVE_ARCH = YES;
				SDKROOT = iphoneos;
				SWIFT_ACTIVE_COMPILATION_CONDITIONS = "DEBUG $(inherited)";
				SWIFT_OPTIMIZATION_LEVEL = "-Onone";
			};
			name = Debug;
		};
		BE3772E02D21C0EA004ED2A2 /* Release */ = {
			isa = XCBuildConfiguration;
			buildSettings = {
				ALWAYS_SEARCH_USER_PATHS = NO;
				ASSETCATALOG_COMPILER_GENERATE_SWIFT_ASSET_SYMBOL_EXTENSIONS = YES;
				CLANG_ANALYZER_NONNULL = YES;
				CLANG_ANALYZER_NUMBER_OBJECT_CONVERSION = YES_AGGRESSIVE;
				CLANG_CXX_LANGUAGE_STANDARD = "gnu++20";
				CLANG_ENABLE_MODULES = YES;
				CLANG_ENABLE_OBJC_ARC = YES;
				CLANG_ENABLE_OBJC_WEAK = YES;
				CLANG_WARN_BLOCK_CAPTURE_AUTORELEASING = YES;
				CLANG_WARN_BOOL_CONVERSION = YES;
				CLANG_WARN_COMMA = YES;
				CLANG_WARN_CONSTANT_CONVERSION = YES;
				CLANG_WARN_DEPRECATED_OBJC_IMPLEMENTATIONS = YES;
				CLANG_WARN_DIRECT_OBJC_ISA_USAGE = YES_ERROR;
				CLANG_WARN_DOCUMENTATION_COMMENTS = YES;
				CLANG_WARN_EMPTY_BODY = YES;
				CLANG_WARN_ENUM_CONVERSION = YES;
				CLANG_WARN_INFINITE_RECURSION = YES;
				CLANG_WARN_INT_CONVERSION = YES;
				CLANG_WARN_NON_LITERAL_NULL_CONVERSION = YES;
				CLANG_WARN_OBJC_IMPLICIT_RETAIN_SELF = YES;
				CLANG_WARN_OBJC_LITERAL_CONVERSION = YES;
				CLANG_WARN_OBJC_ROOT_CLASS = YES_ERROR;
				CLANG_WARN_QUOTED_INCLUDE_IN_FRAMEWORK_HEADER = YES;
				CLANG_WARN_RANGE_LOOP_ANALYSIS = YES;
				CLANG_WARN_STRICT_PROTOTYPES = YES;
				CLANG_WARN_SUSPICIOUS_MOVE = YES;
				CLANG_WARN_UNGUARDED_AVAILABILITY = YES_AGGRESSIVE;
				CLANG_WARN_UNREACHABLE_CODE = YES;
				CLANG_WARN__DUPLICATE_METHOD_MATCH = YES;
				COPY_PHASE_STRIP = NO;
				DEBUG_INFORMATION_FORMAT = "dwarf-with-dsym";
				ENABLE_NS_ASSERTIONS = NO;
				ENABLE_STRICT_OBJC_MSGSEND = YES;
				ENABLE_USER_SCRIPT_SANDBOXING = YES;
				GCC_C_LANGUAGE_STANDARD = gnu17;
				GCC_NO_COMMON_BLOCKS = YES;
				GCC_WARN_64_TO_32_BIT_CONVERSION = YES;
				GCC_WARN_ABOUT_RETURN_TYPE = YES_ERROR;
				GCC_WARN_UNDECLARED_SELECTOR = YES;
				GCC_WARN_UNINITIALIZED_AUTOS = YES_AGGRESSIVE;
				GCC_WARN_UNUSED_FUNCTION = YES;
				GCC_WARN_UNUSED_VARIABLE = YES;
				IPHONEOS_DEPLOYMENT_TARGET = 17.4;
				LOCALIZATION_PREFERS_STRING_CATALOGS = YES;
				MTL_ENABLE_DEBUG_INFO = NO;
				MTL_FAST_MATH = YES;
				SDKROOT = iphoneos;
				SWIFT_COMPILATION_MODE = wholemodule;
				VALIDATE_PRODUCT = YES;
			};
			name = Release;
		};
		BE3772E22D21C0EA004ED2A2 /* Debug */ = {
			isa = XCBuildConfiguration;
			buildSettings = {
				ASSETCATALOG_COMPILER_APPICON_NAME = AppIcon;
				ASSETCATALOG_COMPILER_GLOBAL_ACCENT_COLOR_NAME = AccentColor;
				CODE_SIGN_STYLE = Automatic;
				CURRENT_PROJECT_VERSION = 1;
				DEVELOPMENT_ASSET_PATHS = "\"KekSepeti/Preview Content\"";
				DEVELOPMENT_TEAM = BS5VTGPTN4;
				ENABLE_PREVIEWS = YES;
				GENERATE_INFOPLIST_FILE = YES;
				INFOPLIST_KEY_UIApplicationSceneManifest_Generation = YES;
				INFOPLIST_KEY_UIApplicationSupportsIndirectInputEvents = YES;
				INFOPLIST_KEY_UILaunchScreen_Generation = YES;
				INFOPLIST_KEY_UISupportedInterfaceOrientations_iPad = "UIInterfaceOrientationPortrait UIInterfaceOrientationPortraitUpsideDown UIInterfaceOrientationLandscapeLeft UIInterfaceOrientationLandscapeRight";
				INFOPLIST_KEY_UISupportedInterfaceOrientations_iPhone = "UIInterfaceOrientationPortrait UIInterfaceOrientationLandscapeLeft UIInterfaceOrientationLandscapeRight";
				LD_RUNPATH_SEARCH_PATHS = (
					"$(inherited)",
					"@executable_path/Frameworks",
				);
				MARKETING_VERSION = 1.0;
				PRODUCT_BUNDLE_IDENTIFIER = me.astronomer.KekSepeti;
				PRODUCT_NAME = "$(TARGET_NAME)";
				SWIFT_EMIT_LOC_STRINGS = YES;
				SWIFT_VERSION = 5.0;
				TARGETED_DEVICE_FAMILY = "1,2";
			};
			name = Debug;
		};
		BE3772E32D21C0EA004ED2A2 /* Release */ = {
			isa = XCBuildConfiguration;
			buildSettings = {
				ASSETCATALOG_COMPILER_APPICON_NAME = AppIcon;
				ASSETCATALOG_COMPILER_GLOBAL_ACCENT_COLOR_NAME = AccentColor;
				CODE_SIGN_STYLE = Automatic;
				CURRENT_PROJECT_VERSION = 1;
				DEVELOPMENT_ASSET_PATHS = "\"KekSepeti/Preview Content\"";
				DEVELOPMENT_TEAM = BS5VTGPTN4;
				ENABLE_PREVIEWS = YES;
				GENERATE_INFOPLIST_FILE = YES;
				INFOPLIST_KEY_UIApplicationSceneManifest_Generation = YES;
				INFOPLIST_KEY_UIApplicationSupportsIndirectInputEvents = YES;
				INFOPLIST_KEY_UILaunchScreen_Generation = YES;
				INFOPLIST_KEY_UISupportedInterfaceOrientations_iPad = "UIInterfaceOrientationPortrait UIInterfaceOrientationPortraitUpsideDown UIInterfaceOrientationLandscapeLeft UIInterfaceOrientationLandscapeRight";
				INFOPLIST_KEY_UISupportedInterfaceOrientations_iPhone = "UIInterfaceOrientationPortrait UIInterfaceOrientationLandscapeLeft UIInterfaceOrientationLandscapeRight";
				LD_RUNPATH_SEARCH_PATHS = (
					"$(inherited)",
					"@executable_path/Frameworks",
				);
				MARKETING_VERSION = 1.0;
				PRODUCT_BUNDLE_IDENTIFIER = me.astronomer.KekSepeti;
				PRODUCT_NAME = "$(TARGET_NAME)";
				SWIFT_EMIT_LOC_STRINGS = YES;
				SWIFT_VERSION = 5.0;
				TARGETED_DEVICE_FAMILY = "1,2";
			};
			name = Release;
		};
/* End XCBuildConfiguration section */

/* Begin XCConfigurationList section */
		BE3772CE2D21C0E9004ED2A2 /* Build configuration list for PBXProject "KekSepeti" */ = {
			isa = XCConfigurationList;
			buildConfigurations = (
				BE3772DF2D21C0EA004ED2A2 /* Debug */,
				BE3772E02D21C0EA004ED2A2 /* Release */,
			);
			defaultConfigurationIsVisible = 0;
			defaultConfigurationName = Release;
		};
		BE3772E12D21C0EA004ED2A2 /* Build configuration list for PBXNativeTarget "KekSepeti" */ = {
			isa = XCConfigurationList;
			buildConfigurations = (
				BE3772E22D21C0EA004ED2A2 /* Debug */,
				BE3772E32D21C0EA004ED2A2 /* Release */,
			);
			defaultConfigurationIsVisible = 0;
			defaultConfigurationName = Release;
		};
/* End XCConfigurationList section */
	};
	rootObject = BE3772CB2D21C0E9004ED2A2 /* Project object */;
}
